
Microsoft Visual Studio Solution File, Format Version 12.00
# Visual Studio Version 17
VisualStudioVersion = 17.0.31903.59
MinimumVisualStudioVersion = 10.0.40219.1
Project("{2150E333-8FDC-42A3-9474-1A3956D46DE8}") = "src", "src", "{827E0CD3-B72D-47B6-A68D-7590B98EB39B}"
EndProject
Project("{FAE04EC0-301F-11D3-BF4B-00C04F79EFBC}") = "Yort.Eftpos.SmartConnect", "src\Yort.Eftpos.SmartConnect\Yort.Eftpos.SmartConnect.csproj", "{B5412212-8DCB-4332-9288-6497A8788500}"
EndProject
Project("{2150E333-8FDC-42A3-9474-1A3956D46DE8}") = "tests", "tests", "{0AB3BF05-4346-4AA6-1389-037BE0695223}"
EndProject
Project("{FAE04EC0-301F-11D3-BF4B-00C04F79EFBC}") = "Yort.Eftpos.SmartConnect.Tests", "tests\Yort.Eftpos.SmartConnect.Tests\Yort.Eftpos.SmartConnect.Tests.csproj", "{AD9A295F-1679-43F6-8420-6411BABDAE56}"
EndProject
Project("{2150E333-8FDC-42A3-9474-1A3956D46DE8}") = "samples", "samples", "{5D20AA90-6969-D8BD-9DCD-8634F4692FDA}"
EndProject
Project("{FAE04EC0-301F-11D3-BF4B-00C04F79EFBC}") = "Yort.Eftpos.SmartConnect.Demo", "samples\Yort.Eftpos.SmartConnect.Demo\Yort.Eftpos.SmartConnect.Demo.csproj", "{3FF94FBB-3253-45BE-8A00-510379370604}"
EndProject
Project("{FAE04EC0-301F-11D3-BF4B-00C04F79EFBC}") = "Yort.Eftpos.SmartConnect.WinForms", "src\Yort.Eftpos.SmartConnect.WinForms\Yort.Eftpos.SmartConnect.WinForms.csproj", "{7385F20C-CAEA-4804-A706-AEE1E894E1B4}"
EndProject
Project("{FAE04EC0-301F-11D3-BF4B-00C04F79EFBC}") = "Yort.Eftpos.SmartConnect.WinForms.Tests", "tests\Yort.Eftpos.SmartConnect.WinForms.Tests\Yort.Eftpos.SmartConnect.WinForms.Tests.csproj", "{E039474D-4AF8-47EC-94EB-287471C0DD2E}"
EndProject
Project("{FAE04EC0-301F-11D3-BF4B-00C04F79EFBC}") = "Yort.Eftpos.SmartConnect.WinFormsDemo", "samples\Yort.Eftpos.SmartConnect.WinFormsDemo\Yort.Eftpos.SmartConnect.WinFormsDemo.csproj", "{26BB33A7-A850-40B5-BEF1-09AA0E7EEA29}"
EndProject
Project("{FAE04EC0-301F-11D3-BF4B-00C04F79EFBC}") = "Yort.Eftpos.SmartConnect.WinFormsGallery", "samples\Yort.Eftpos.SmartConnect.WinFormsGallery\Yort.Eftpos.SmartConnect.WinFormsGallery.csproj", "{BCF16DE7-FFEE-49A2-B65D-748C7C40A709}"
EndProject
Global
	GlobalSection(SolutionConfigurationPlatforms) = preSolution
		Debug|Any CPU = Debug|Any CPU
		Debug|x64 = Debug|x64
		Debug|x86 = Debug|x86
		Release|Any CPU = Release|Any CPU
		Release|x64 = Release|x64
		Release|x86 = Release|x86
	EndGlobalSection
	GlobalSection(ProjectConfigurationPlatforms) = postSolution
		{B5412212-8DCB-4332-9288-6497A8788500}.Debug|Any CPU.ActiveCfg = Debug|Any CPU
		{B5412212-8DCB-4332-9288-6497A8788500}.Debug|Any CPU.Build.0 = Debug|Any CPU
		{B5412212-8DCB-4332-9288-6497A8788500}.Debug|x64.ActiveCfg = Debug|Any CPU
		{B5412212-8DCB-4332-9288-6497A8788500}.Debug|x64.Build.0 = Debug|Any CPU
		{B5412212-8DCB-4332-9288-6497A8788500}.Debug|x86.ActiveCfg = Debug|Any CPU
		{B5412212-8DCB-4332-9288-6497A8788500}.Debug|x86.Build.0 = Debug|Any CPU
		{B5412212-8DCB-4332-9288-6497A8788500}.Release|Any CPU.ActiveCfg = Release|Any CPU
		{B5412212-8DCB-4332-9288-6497A8788500}.Release|Any CPU.Build.0 = Release|Any CPU
		{B5412212-8DCB-4332-9288-6497A8788500}.Release|x64.ActiveCfg = Release|Any CPU
		{B5412212-8DCB-4332-9288-6497A8788500}.Release|x64.Build.0 = Release|Any CPU
		{B5412212-8DCB-4332-9288-6497A8788500}.Release|x86.ActiveCfg = Release|Any CPU
		{B5412212-8DCB-4332-9288-6497A8788500}.Release|x86.Build.0 = Release|Any CPU
		{AD9A295F-1679-43F6-8420-6411BABDAE56}.Debug|Any CPU.ActiveCfg = Debug|Any CPU
		{AD9A295F-1679-43F6-8420-6411BABDAE56}.Debug|Any CPU.Build.0 = Debug|Any CPU
		{AD9A295F-1679-43F6-8420-6411BABDAE56}.Debug|x64.ActiveCfg = Debug|Any CPU
		{AD9A295F-1679-43F6-8420-6411BABDAE56}.Debug|x64.Build.0 = Debug|Any CPU
		{AD9A295F-1679-43F6-8420-6411BABDAE56}.Debug|x86.ActiveCfg = Debug|Any CPU
		{AD9A295F-1679-43F6-8420-6411BABDAE56}.Debug|x86.Build.0 = Debug|Any CPU
		{AD9A295F-1679-43F6-8420-6411BABDAE56}.Release|Any CPU.ActiveCfg = Release|Any CPU
		{AD9A295F-1679-43F6-8420-6411BABDAE56}.Release|Any CPU.Build.0 = Release|Any CPU
		{AD9A295F-1679-43F6-8420-6411BABDAE56}.Release|x64.ActiveCfg = Release|Any CPU
		{AD9A295F-1679-43F6-8420-6411BABDAE56}.Release|x64.Build.0 = Release|Any CPU
		{AD9A295F-1679-43F6-8420-6411BABDAE56}.Release|x86.ActiveCfg = Release|Any CPU
		{AD9A295F-1679-43F6-8420-6411BABDAE56}.Release|x86.Build.0 = Release|Any CPU
		{3FF94FBB-3253-45BE-8A00-510379370604}.Debug|Any CPU.ActiveCfg = Debug|Any CPU
		{3FF94FBB-3253-45BE-8A00-510379370604}.Debug|Any CPU.Build.0 = Debug|Any CPU
		{3FF94FBB-3253-45BE-8A00-510379370604}.Debug|x64.ActiveCfg = Debug|Any CPU
		{3FF94FBB-3253-45BE-8A00-510379370604}.Debug|x64.Build.0 = Debug|Any CPU
		{3FF94FBB-3253-45BE-8A00-510379370604}.Debug|x86.ActiveCfg = Debug|Any CPU
		{3FF94FBB-3253-45BE-8A00-510379370604}.Debug|x86.Build.0 = Debug|Any CPU
		{3FF94FBB-3253-45BE-8A00-510379370604}.Release|Any CPU.ActiveCfg = Release|Any CPU
		{3FF94FBB-3253-45BE-8A00-510379370604}.Release|Any CPU.Build.0 = Release|Any CPU
		{3FF94FBB-3253-45BE-8A00-510379370604}.Release|x64.ActiveCfg = Release|Any CPU
		{3FF94FBB-3253-45BE-8A00-510379370604}.Release|x64.Build.0 = Release|Any CPU
		{3FF94FBB-3253-45BE-8A00-510379370604}.Release|x86.ActiveCfg = Release|Any CPU
		{3FF94FBB-3253-45BE-8A00-510379370604}.Release|x86.Build.0 = Release|Any CPU
		{7385F20C-CAEA-4804-A706-AEE1E894E1B4}.Debug|Any CPU.ActiveCfg = Debug|Any CPU
		{7385F20C-CAEA-4804-A706-AEE1E894E1B4}.Debug|Any CPU.Build.0 = Debug|Any CPU
		{7385F20C-CAEA-4804-A706-AEE1E894E1B4}.Debug|x64.ActiveCfg = Debug|Any CPU
		{7385F20C-CAEA-4804-A706-AEE1E894E1B4}.Debug|x64.Build.0 = Debug|Any CPU
		{7385F20C-CAEA-4804-A706-AEE1E894E1B4}.Debug|x86.ActiveCfg = Debug|Any CPU
		{7385F20C-CAEA-4804-A706-AEE1E894E1B4}.Debug|x86.Build.0 = Debug|Any CPU
		{7385F20C-CAEA-4804-A706-AEE1E894E1B4}.Release|Any CPU.ActiveCfg = Release|Any CPU
		{7385F20C-CAEA-4804-A706-AEE1E894E1B4}.Release|Any CPU.Build.0 = Release|Any CPU
		{7385F20C-CAEA-4804-A706-AEE1E894E1B4}.Release|x64.ActiveCfg = Release|Any CPU
		{7385F20C-CAEA-4804-A706-AEE1E894E1B4}.Release|x64.Build.0 = Release|Any CPU
		{7385F20C-CAEA-4804-A706-AEE1E894E1B4}.Release|x86.ActiveCfg = Release|Any CPU
		{7385F20C-CAEA-4804-A706-AEE1E894E1B4}.Release|x86.Build.0 = Release|Any CPU
		{E039474D-4AF8-47EC-94EB-287471C0DD2E}.Debug|Any CPU.ActiveCfg = Debug|Any CPU
		{E039474D-4AF8-47EC-94EB-287471C0DD2E}.Debug|Any CPU.Build.0 = Debug|Any CPU
		{E039474D-4AF8-47EC-94EB-287471C0DD2E}.Debug|x64.ActiveCfg = Debug|Any CPU
		{E039474D-4AF8-47EC-94EB-287471C0DD2E}.Debug|x64.Build.0 = Debug|Any CPU
		{E039474D-4AF8-47EC-94EB-287471C0DD2E}.Debug|x86.ActiveCfg = Debug|Any CPU
		{E039474D-4AF8-47EC-94EB-287471C0DD2E}.Debug|x86.Build.0 = Debug|Any CPU
		{E039474D-4AF8-47EC-94EB-287471C0DD2E}.Release|Any CPU.ActiveCfg = Release|Any CPU
		{E039474D-4AF8-47EC-94EB-287471C0DD2E}.Release|Any CPU.Build.0 = Release|Any CPU
		{E039474D-4AF8-47EC-94EB-287471C0DD2E}.Release|x64.ActiveCfg = Release|Any CPU
		{E039474D-4AF8-47EC-94EB-287471C0DD2E}.Release|x64.Build.0 = Release|Any CPU
		{E039474D-4AF8-47EC-94EB-287471C0DD2E}.Release|x86.ActiveCfg = Release|Any CPU
		{E039474D-4AF8-47EC-94EB-287471C0DD2E}.Release|x86.Build.0 = Release|Any CPU
		{26BB33A7-A850-40B5-BEF1-09AA0E7EEA29}.Debug|Any CPU.ActiveCfg = Debug|Any CPU
		{26BB33A7-A850-40B5-BEF1-09AA0E7EEA29}.Debug|Any CPU.Build.0 = Debug|Any CPU
		{26BB33A7-A850-40B5-BEF1-09AA0E7EEA29}.Debug|x64.ActiveCfg = Debug|Any CPU
		{26BB33A7-A850-40B5-BEF1-09AA0E7EEA29}.Debug|x64.Build.0 = Debug|Any CPU
		{26BB33A7-A850-40B5-BEF1-09AA0E7EEA29}.Debug|x86.ActiveCfg = Debug|Any CPU
		{26BB33A7-A850-40B5-BEF1-09AA0E7EEA29}.Debug|x86.Build.0 = Debug|Any CPU
		{26BB33A7-A850-40B5-BEF1-09AA0E7EEA29}.Release|Any CPU.ActiveCfg = Release|Any CPU
		{26BB33A7-A850-40B5-BEF1-09AA0E7EEA29}.Release|Any CPU.Build.0 = Release|Any CPU
		{26BB33A7-A850-40B5-BEF1-09AA0E7EEA29}.Release|x64.ActiveCfg = Release|Any CPU
		{26BB33A7-A850-40B5-BEF1-09AA0E7EEA29}.Release|x64.Build.0 = Release|Any CPU
		{26BB33A7-A850-40B5-BEF1-09AA0E7EEA29}.Release|x86.ActiveCfg = Release|Any CPU
		{26BB33A7-A850-40B5-BEF1-09AA0E7EEA29}.Release|x86.Build.0 = Release|Any CPU
		{BCF16DE7-FFEE-49A2-B65D-748C7C40A709}.Debug|Any CPU.ActiveCfg = Debug|Any CPU
		{BCF16DE7-FFEE-49A2-B65D-748C7C40A709}.Debug|Any CPU.Build.0 = Debug|Any CPU
		{BCF16DE7-FFEE-49A2-B65D-748C7C40A709}.Debug|x64.ActiveCfg = Debug|Any CPU
		{BCF16DE7-FFEE-49A2-B65D-748C7C40A709}.Debug|x64.Build.0 = Debug|Any CPU
		{BCF16DE7-FFEE-49A2-B65D-748C7C40A709}.Debug|x86.ActiveCfg = Debug|Any CPU
		{BCF16DE7-FFEE-49A2-B65D-748C7C40A709}.Debug|x86.Build.0 = Debug|Any CPU
		{BCF16DE7-FFEE-49A2-B65D-748C7C40A709}.Release|Any CPU.ActiveCfg = Release|Any CPU
		{BCF16DE7-FFEE-49A2-B65D-748C7C40A709}.Release|Any CPU.Build.0 = Release|Any CPU
		{BCF16DE7-FFEE-49A2-B65D-748C7C40A709}.Release|x64.ActiveCfg = Release|Any CPU
		{BCF16DE7-FFEE-49A2-B65D-748C7C40A709}.Release|x64.Build.0 = Release|Any CPU
		{BCF16DE7-FFEE-49A2-B65D-748C7C40A709}.Release|x86.ActiveCfg = Release|Any CPU
		{BCF16DE7-FFEE-49A2-B65D-748C7C40A709}.Release|x86.Build.0 = Release|Any CPU
	EndGlobalSection
	GlobalSection(SolutionProperties) = preSolution
		HideSolutionNode = FALSE
	EndGlobalSection
	GlobalSection(NestedProjects) = preSolution
		{B5412212-8DCB-4332-9288-6497A8788500} = {827E0CD3-B72D-47B6-A68D-7590B98EB39B}
		{AD9A295F-1679-43F6-8420-6411BABDAE56} = {0AB3BF05-4346-4AA6-1389-037BE0695223}
		{3FF94FBB-3253-45BE-8A00-510379370604} = {5D20AA90-6969-D8BD-9DCD-8634F4692FDA}
		{7385F20C-CAEA-4804-A706-AEE1E894E1B4} = {827E0CD3-B72D-47B6-A68D-7590B98EB39B}
		{E039474D-4AF8-47EC-94EB-287471C0DD2E} = {0AB3BF05-4346-4AA6-1389-037BE0695223}
		{26BB33A7-A850-40B5-BEF1-09AA0E7EEA29} = {5D20AA90-6969-D8BD-9DCD-8634F4692FDA}
		{BCF16DE7-FFEE-49A2-B65D-748C7C40A709} = {5D20AA90-6969-D8BD-9DCD-8634F4692FDA}
	EndGlobalSection
EndGlobal
